
Microsoft Visual Studio Solution File, Format Version 12.00
# Visual Studio Version 17
VisualStudioVersion = 17.7.34202.233
MinimumVisualStudioVersion = 10.0.40219.1
Project("{9A19103F-16F7-4668-BE54-9A1E7A4F7556}") = "Лабораторная работа №6 v2", "Лабораторная работа №6 v2\Лабораторная работа №6 v2.csproj", "{27CC3F69-330A-4D53-99C3-1F6FFA0AE9FE}"
EndProject
Project("{9A19103F-16F7-4668-BE54-9A1E7A4F7556}") = "MyLibWF", "..\MyLibWF\MyLibWF\MyLibWF.csproj", "{42A37F3A-CE01-4BCB-8202-F09AA1CD1F56}"
EndProject
Global
	GlobalSection(SolutionConfigurationPlatforms) = preSolution
		Debug|Any CPU = Debug|Any CPU
		Release|Any CPU = Release|Any CPU
	EndGlobalSection
	GlobalSection(ProjectConfigurationPlatforms) = postSolution
		{27CC3F69-330A-4D53-99C3-1F6FFA0AE9FE}.Debug|Any CPU.ActiveCfg = Debug|Any CPU
		{27CC3F69-330A-4D53-99C3-1F6FFA0AE9FE}.Debug|Any CPU.Build.0 = Debug|Any CPU
		{27CC3F69-330A-4D53-99C3-1F6FFA0AE9FE}.Release|Any CPU.ActiveCfg = Release|Any CPU
		{27CC3F69-330A-4D53-99C3-1F6FFA0AE9FE}.Release|Any CPU.Build.0 = Release|Any CPU
		{42A37F3A-CE01-4BCB-8202-F09AA1CD1F56}.Debug|Any CPU.ActiveCfg = Debug|Any CPU
		{42A37F3A-CE01-4BCB-8202-F09AA1CD1F56}.Debug|Any CPU.Build.0 = Debug|Any CPU
		{42A37F3A-CE01-4BCB-8202-F09AA1CD1F56}.Release|Any CPU.ActiveCfg = Release|Any CPU
		{42A37F3A-CE01-4BCB-8202-F09AA1CD1F56}.Release|Any CPU.Build.0 = Release|Any CPU
	EndGlobalSection
	GlobalSection(SolutionProperties) = preSolution
		HideSolutionNode = FALSE
	EndGlobalSection
	GlobalSection(ExtensibilityGlobals) = postSolution
		SolutionGuid = {66F21661-BB94-4512-BB53-B3E76F864A09}
	EndGlobalSection
EndGlobal
